
Microsoft Visual Studio Solution File, Format Version 12.00
# Visual Studio Version 16
VisualStudioVersion = 16.0.31613.86
MinimumVisualStudioVersion = 10.0.40219.1
Project("{FAE04EC0-301F-11D3-BF4B-00C04F79EFBC}") = "String and Integers Assignment", "String and Integers Assignment\String and Integers Assignment.csproj", "{1719CBC1-ECDC-41C1-BA34-75F9FC773EFB}"
EndProject
Global
	GlobalSection(SolutionConfigurationPlatforms) = preSolution
		Debug|Any CPU = Debug|Any CPU
		Release|Any CPU = Release|Any CPU
	EndGlobalSection
	GlobalSection(ProjectConfigurationPlatforms) = postSolution
		{1719CBC1-ECDC-41C1-BA34-75F9FC773EFB}.Debug|Any CPU.ActiveCfg = Debug|Any CPU
		{1719CBC1-ECDC-41C1-BA34-75F9FC773EFB}.Debug|Any CPU.Build.0 = Debug|Any CPU
		{1719CBC1-ECDC-41C1-BA34-75F9FC773EFB}.Release|Any CPU.ActiveCfg = Release|Any CPU
		{1719CBC1-ECDC-41C1-BA34-75F9FC773EFB}.Release|Any CPU.Build.0 = Release|Any CPU
	EndGlobalSection
	GlobalSection(SolutionProperties) = preSolution
		HideSolutionNode = FALSE
	EndGlobalSection
	GlobalSection(ExtensibilityGlobals) = postSolution
		SolutionGuid = {9A77A5D7-E7D4-404B-83BF-2C0F01781500}
	EndGlobalSection
EndGlobal
